
Microsoft Visual Studio Solution File, Format Version 12.00
# Visual Studio Version 17
VisualStudioVersion = 17.9.34622.214
MinimumVisualStudioVersion = 10.0.40219.1
Project("{9A19103F-16F7-4668-BE54-9A1E7A4F7556}") = "CP1ASPNET", "1403ASPNET\CP1ASPNET.csproj", "{D65F4B14-815B-45F6-8057-0AF5CBD12006}"
EndProject
Global
	GlobalSection(SolutionConfigurationPlatforms) = preSolution
		Debug|Any CPU = Debug|Any CPU
		Release|Any CPU = Release|Any CPU
	EndGlobalSection
	GlobalSection(ProjectConfigurationPlatforms) = postSolution
		{D65F4B14-815B-45F6-8057-0AF5CBD12006}.Debug|Any CPU.ActiveCfg = Debug|Any CPU
		{D65F4B14-815B-45F6-8057-0AF5CBD12006}.Debug|Any CPU.Build.0 = Debug|Any CPU
		{D65F4B14-815B-45F6-8057-0AF5CBD12006}.Release|Any CPU.ActiveCfg = Release|Any CPU
		{D65F4B14-815B-45F6-8057-0AF5CBD12006}.Release|Any CPU.Build.0 = Release|Any CPU
	EndGlobalSection
	GlobalSection(SolutionProperties) = preSolution
		HideSolutionNode = FALSE
	EndGlobalSection
	GlobalSection(ExtensibilityGlobals) = postSolution
		SolutionGuid = {D487DED5-B9A5-41E7-94C9-842D856805A5}
	EndGlobalSection
EndGlobal
